
Microsoft Visual Studio Solution File, Format Version 12.00
# Visual Studio Version 17
VisualStudioVersion = 17.0.31903.59
MinimumVisualStudioVersion = 10.0.40219.1
Project("{FAE04EC0-301F-11D3-BF4B-00C04F79EFBC}") = "ProjetoBanco.Api", "ProjetoBanco.Api\ProjetoBanco.Api.csproj", "{813CE105-70B8-461A-8B69-D20FCD1D3688}"
EndProject
Project("{FAE04EC0-301F-11D3-BF4B-00C04F79EFBC}") = "ProjetoBanco.Testes", "ProjetoBanco.Testes\ProjetoBanco.Testes.csproj", "{9A160916-C9CB-4291-B9C0-A2819F046BC1}"
EndProject
Global
	GlobalSection(SolutionConfigurationPlatforms) = preSolution
		Debug|Any CPU = Debug|Any CPU
		Debug|x64 = Debug|x64
		Debug|x86 = Debug|x86
		Release|Any CPU = Release|Any CPU
		Release|x64 = Release|x64
		Release|x86 = Release|x86
	EndGlobalSection
	GlobalSection(ProjectConfigurationPlatforms) = postSolution
		{813CE105-70B8-461A-8B69-D20FCD1D3688}.Debug|Any CPU.ActiveCfg = Debug|Any CPU
		{813CE105-70B8-461A-8B69-D20FCD1D3688}.Debug|Any CPU.Build.0 = Debug|Any CPU
		{813CE105-70B8-461A-8B69-D20FCD1D3688}.Debug|x64.ActiveCfg = Debug|Any CPU
		{813CE105-70B8-461A-8B69-D20FCD1D3688}.Debug|x64.Build.0 = Debug|Any CPU
		{813CE105-70B8-461A-8B69-D20FCD1D3688}.Debug|x86.ActiveCfg = Debug|Any CPU
		{813CE105-70B8-461A-8B69-D20FCD1D3688}.Debug|x86.Build.0 = Debug|Any CPU
		{813CE105-70B8-461A-8B69-D20FCD1D3688}.Release|Any CPU.ActiveCfg = Release|Any CPU
		{813CE105-70B8-461A-8B69-D20FCD1D3688}.Release|Any CPU.Build.0 = Release|Any CPU
		{813CE105-70B8-461A-8B69-D20FCD1D3688}.Release|x64.ActiveCfg = Release|Any CPU
		{813CE105-70B8-461A-8B69-D20FCD1D3688}.Release|x64.Build.0 = Release|Any CPU
		{813CE105-70B8-461A-8B69-D20FCD1D3688}.Release|x86.ActiveCfg = Release|Any CPU
		{813CE105-70B8-461A-8B69-D20FCD1D3688}.Release|x86.Build.0 = Release|Any CPU
		{9A160916-C9CB-4291-B9C0-A2819F046BC1}.Debug|Any CPU.ActiveCfg = Debug|Any CPU
		{9A160916-C9CB-4291-B9C0-A2819F046BC1}.Debug|Any CPU.Build.0 = Debug|Any CPU
		{9A160916-C9CB-4291-B9C0-A2819F046BC1}.Debug|x64.ActiveCfg = Debug|Any CPU
		{9A160916-C9CB-4291-B9C0-A2819F046BC1}.Debug|x64.Build.0 = Debug|Any CPU
		{9A160916-C9CB-4291-B9C0-A2819F046BC1}.Debug|x86.ActiveCfg = Debug|Any CPU
		{9A160916-C9CB-4291-B9C0-A2819F046BC1}.Debug|x86.Build.0 = Debug|Any CPU
		{9A160916-C9CB-4291-B9C0-A2819F046BC1}.Release|Any CPU.ActiveCfg = Release|Any CPU
		{9A160916-C9CB-4291-B9C0-A2819F046BC1}.Release|Any CPU.Build.0 = Release|Any CPU
		{9A160916-C9CB-4291-B9C0-A2819F046BC1}.Release|x64.ActiveCfg = Release|Any CPU
		{9A160916-C9CB-4291-B9C0-A2819F046BC1}.Release|x64.Build.0 = Release|Any CPU
		{9A160916-C9CB-4291-B9C0-A2819F046BC1}.Release|x86.ActiveCfg = Release|Any CPU
		{9A160916-C9CB-4291-B9C0-A2819F046BC1}.Release|x86.Build.0 = Release|Any CPU
	EndGlobalSection
	GlobalSection(SolutionProperties) = preSolution
		HideSolutionNode = FALSE
	EndGlobalSection
EndGlobal
